
Microsoft Visual Studio Solution File, Format Version 12.00
# Visual Studio Version 17
VisualStudioVersion = 17.13.35806.99
MinimumVisualStudioVersion = 10.0.40219.1
Project("{FAE04EC0-301F-11D3-BF4B-00C04F79EFBC}") = "StealAllTheCats.API", "StealAllTheCats.API\StealAllTheCats.API.csproj", "{279FD56D-A108-4B78-8D21-AF769F9028F8}"
EndProject
Project("{FAE04EC0-301F-11D3-BF4B-00C04F79EFBC}") = "StealAllTheCats.Core", "StealAllTheCats.Core\StealAllTheCats.Core.csproj", "{9100780F-AA7D-49E1-81D3-59E849B41E36}"
EndProject
Project("{FAE04EC0-301F-11D3-BF4B-00C04F79EFBC}") = "StealAllTheCats.Application", "StealAllTheCats.Application\StealAllTheCats.Application.csproj", "{34216862-ABA3-42AE-A933-0E086FD4E2C9}"
EndProject
Project("{FAE04EC0-301F-11D3-BF4B-00C04F79EFBC}") = "StealAllTheCats.Infrastructure", "StealAllTheCats.Infrastructure\StealAllTheCats.Infrastructure.csproj", "{FAE8F9E0-456D-49B4-BBC7-507BE624A090}"
EndProject
Project("{FAE04EC0-301F-11D3-BF4B-00C04F79EFBC}") = "StealAllTheCats.Tests", "StealAllTheCats.Tests\StealAllTheCats.Tests.csproj", "{73B42909-1E28-4904-B16D-3EBE3E56B238}"
EndProject
Global
	GlobalSection(SolutionConfigurationPlatforms) = preSolution
		Debug|Any CPU = Debug|Any CPU
		Release|Any CPU = Release|Any CPU
	EndGlobalSection
	GlobalSection(ProjectConfigurationPlatforms) = postSolution
		{279FD56D-A108-4B78-8D21-AF769F9028F8}.Debug|Any CPU.ActiveCfg = Debug|Any CPU
		{279FD56D-A108-4B78-8D21-AF769F9028F8}.Debug|Any CPU.Build.0 = Debug|Any CPU
		{279FD56D-A108-4B78-8D21-AF769F9028F8}.Release|Any CPU.ActiveCfg = Release|Any CPU
		{279FD56D-A108-4B78-8D21-AF769F9028F8}.Release|Any CPU.Build.0 = Release|Any CPU
		{9100780F-AA7D-49E1-81D3-59E849B41E36}.Debug|Any CPU.ActiveCfg = Debug|Any CPU
		{9100780F-AA7D-49E1-81D3-59E849B41E36}.Debug|Any CPU.Build.0 = Debug|Any CPU
		{9100780F-AA7D-49E1-81D3-59E849B41E36}.Release|Any CPU.ActiveCfg = Release|Any CPU
		{9100780F-AA7D-49E1-81D3-59E849B41E36}.Release|Any CPU.Build.0 = Release|Any CPU
		{34216862-ABA3-42AE-A933-0E086FD4E2C9}.Debug|Any CPU.ActiveCfg = Debug|Any CPU
		{34216862-ABA3-42AE-A933-0E086FD4E2C9}.Debug|Any CPU.Build.0 = Debug|Any CPU
		{34216862-ABA3-42AE-A933-0E086FD4E2C9}.Release|Any CPU.ActiveCfg = Release|Any CPU
		{34216862-ABA3-42AE-A933-0E086FD4E2C9}.Release|Any CPU.Build.0 = Release|Any CPU
		{FAE8F9E0-456D-49B4-BBC7-507BE624A090}.Debug|Any CPU.ActiveCfg = Debug|Any CPU
		{FAE8F9E0-456D-49B4-BBC7-507BE624A090}.Debug|Any CPU.Build.0 = Debug|Any CPU
		{FAE8F9E0-456D-49B4-BBC7-507BE624A090}.Release|Any CPU.ActiveCfg = Release|Any CPU
		{FAE8F9E0-456D-49B4-BBC7-507BE624A090}.Release|Any CPU.Build.0 = Release|Any CPU
		{73B42909-1E28-4904-B16D-3EBE3E56B238}.Debug|Any CPU.ActiveCfg = Debug|Any CPU
		{73B42909-1E28-4904-B16D-3EBE3E56B238}.Debug|Any CPU.Build.0 = Debug|Any CPU
		{73B42909-1E28-4904-B16D-3EBE3E56B238}.Release|Any CPU.ActiveCfg = Release|Any CPU
		{73B42909-1E28-4904-B16D-3EBE3E56B238}.Release|Any CPU.Build.0 = Release|Any CPU
	EndGlobalSection
	GlobalSection(SolutionProperties) = preSolution
		HideSolutionNode = FALSE
	EndGlobalSection
	GlobalSection(ExtensibilityGlobals) = postSolution
		SolutionGuid = {CB69B6AF-5573-4AC3-B9CD-D0214687D5A1}
	EndGlobalSection
EndGlobal
